# Generated by buf. DO NOT EDIT.
version: v2
deps:
  - name: buf.build/googleapis/googleapis
    commit: ee48893a270147348e3edc6c1a03de0e
    digest: b5:ef3c9849abc866b9625eb0f652bda8ea6a1477230eaeeb320c8cb63b16562575c0d3129524643e842c35156b40796aff79d048116b670ae95e9034b0c5a868c0
  - name: buf.build/grpc-ecosystem/grpc-gateway
    commit: 3f42134f4c564983838425bc43c7a65f
    digest: b5:291b947d8ac09492517557e4e72e294788cb8201afc7d0df7bda80fa10931adb60d4d669208a7696bf24f1ecb2a33a16d4c1e766e6f31809248b00343119569b
